<Solution>
  <Folder Name="/src/">
    <Project Path="src/MovieAgent/MovieAgent.csproj" />
    <Project Path="src/MovieAgent.Agent/MovieAgent.Agent.csproj" />
    <Project Path="src/MovieAgent.Evaluation/MovieAgent.Evaluation.csproj" />
  </Folder>
  <Folder Name="/tests/">
    <Project Path="tests/MovieAgent.Evaluation.Tests/MovieAgent.Evaluation.Tests.csproj" />
  </Folder>
</Solution>
